// !$*UTF8*$!
{
	archiveVersion = 1;
	classes = {
	};
	objectVersion = 56;
	objects = {

/* Begin PBXBuildFile section */
		05366F8B2ADFE7A00063FCF7 /* No_SmokeApp.swift in Sources */ = {isa = PBXBuildFile; fileRef = 05366F8A2ADFE7A00063FCF7 /* No_SmokeApp.swift */; };
		05366F8D2ADFE7A00063FCF7 /* NoSmokeTabView.swift in Sources */ = {isa = PBXBuildFile; fileRef = 05366F8C2ADFE7A00063FCF7 /* NoSmokeTabView.swift */; };
		05366F8F2ADFE7A20063FCF7 /* Assets.xcassets in Resources */ = {isa = PBXBuildFile; fileRef = 05366F8E2ADFE7A20063FCF7 /* Assets.xcassets */; };
		05366F922ADFE7A20063FCF7 /* Preview Assets.xcassets in Resources */ = {isa = PBXBuildFile; fileRef = 05366F912ADFE7A20063FCF7 /* Preview Assets.xcassets */; };
		05366F9C2ADFE87B0063FCF7 /* HomeView.swift in Sources */ = {isa = PBXBuildFile; fileRef = 05366F9B2ADFE87B0063FCF7 /* HomeView.swift */; };
		05366F9E2ADFE9330063FCF7 /* ContentView.swift in Sources */ = {isa = PBXBuildFile; fileRef = 05366F9D2ADFE9330063FCF7 /* ContentView.swift */; };
		05366FA02ADFE9830063FCF7 /* ActivityCard.swift in Sources */ = {isa = PBXBuildFile; fileRef = 05366F9F2ADFE9830063FCF7 /* ActivityCard.swift */; };
		05366FA22ADFEDA10063FCF7 /* HealthManager.swift in Sources */ = {isa = PBXBuildFile; fileRef = 05366FA12ADFEDA10063FCF7 /* HealthManager.swift */; };
		05366FA52AE007B30063FCF7 /* Helpers.swift in Sources */ = {isa = PBXBuildFile; fileRef = 05366FA42AE007B30063FCF7 /* Helpers.swift */; };
		0554A4512AE1DF5F005A60B9 /* Activity.swift in Sources */ = {isa = PBXBuildFile; fileRef = 0554A4502AE1DF5F005A60B9 /* Activity.swift */; };
/* End PBXBuildFile section */

/* Begin PBXFileReference section */
		05366F872ADFE7A00063FCF7 /* No Smoke.app */ = {isa = PBXFileReference; explicitFileType = wrapper.application; includeInIndex = 0; path = "No Smoke.app"; sourceTree = BUILT_PRODUCTS_DIR; };
		05366F8A2ADFE7A00063FCF7 /* No_SmokeApp.swift */ = {isa = PBXFileReference; lastKnownFileType = sourcecode.swift; path = No_SmokeApp.swift; sourceTree = "<group>"; };
		05366F8C2ADFE7A00063FCF7 /* NoSmokeTabView.swift */ = {isa = PBXFileReference; lastKnownFileType = sourcecode.swift; path = NoSmokeTabView.swift; sourceTree = "<group>"; };
		05366F8E2ADFE7A20063FCF7 /* Assets.xcassets */ = {isa = PBXFileReference; lastKnownFileType = folder.assetcatalog; path = Assets.xcassets; sourceTree = "<group>"; };
		05366F912ADFE7A20063FCF7 /* Preview Assets.xcassets */ = {isa = PBXFileReference; lastKnownFileType = folder.assetcatalog; path = "Preview Assets.xcassets"; sourceTree = "<group>"; };
		05366F9B2ADFE87B0063FCF7 /* HomeView.swift */ = {isa = PBXFileReference; lastKnownFileType = sourcecode.swift; path = HomeView.swift; sourceTree = "<group>"; };
		05366F9D2ADFE9330063FCF7 /* ContentView.swift */ = {isa = PBXFileReference; lastKnownFileType = sourcecode.swift; path = ContentView.swift; sourceTree = "<group>"; };
		05366F9F2ADFE9830063FCF7 /* ActivityCard.swift */ = {isa = PBXFileReference; lastKnownFileType = sourcecode.swift; path = ActivityCard.swift; sourceTree = "<group>"; };
		05366FA12ADFEDA10063FCF7 /* HealthManager.swift */ = {isa = PBXFileReference; lastKnownFileType = sourcecode.swift; path = HealthManager.swift; sourceTree = "<group>"; };
		05366FA32ADFEFDA0063FCF7 /* No Smoke.entitlements */ = {isa = PBXFileReference; lastKnownFileType = text.plist.entitlements; path = "No Smoke.entitlements"; sourceTree = "<group>"; };
		05366FA42AE007B30063FCF7 /* Helpers.swift */ = {isa = PBXFileReference; lastKnownFileType = sourcecode.swift; path = Helpers.swift; sourceTree = "<group>"; };
		0554A4502AE1DF5F005A60B9 /* Activity.swift */ = {isa = PBXFileReference; lastKnownFileType = sourcecode.swift; path = Activity.swift; sourceTree = "<group>"; };
/* End PBXFileReference section */

/* Begin PBXFrameworksBuildPhase section */
		05366F842ADFE7A00063FCF7 /* Frameworks */ = {
			isa = PBXFrameworksBuildPhase;
			buildActionMask = 2147483647;
			files = (
			);
			runOnlyForDeploymentPostprocessing = 0;
		};
/* End PBXFrameworksBuildPhase section */

/* Begin PBXGroup section */
		05366F7E2ADFE7A00063FCF7 = {
			isa = PBXGroup;
			children = (
				05366F892ADFE7A00063FCF7 /* No Smoke */,
				05366F882ADFE7A00063FCF7 /* Products */,
			);
			sourceTree = "<group>";
		};
		05366F882ADFE7A00063FCF7 /* Products */ = {
			isa = PBXGroup;
			children = (
				05366F872ADFE7A00063FCF7 /* No Smoke.app */,
			);
			name = Products;
			sourceTree = "<group>";
		};
		05366F892ADFE7A00063FCF7 /* No Smoke */ = {
			isa = PBXGroup;
			children = (
				05366FA32ADFEFDA0063FCF7 /* No Smoke.entitlements */,
				05366F9A2ADFE8610063FCF7 /* View Model */,
				05366F992ADFE85A0063FCF7 /* Model */,
				05366F982ADFE8540063FCF7 /* View */,
				05366F8A2ADFE7A00063FCF7 /* No_SmokeApp.swift */,
				05366F8E2ADFE7A20063FCF7 /* Assets.xcassets */,
				05366F902ADFE7A20063FCF7 /* Preview Content */,
				05366FA42AE007B30063FCF7 /* Helpers.swift */,
			);
			path = "No Smoke";
			sourceTree = "<group>";
		};
		05366F902ADFE7A20063FCF7 /* Preview Content */ = {
			isa = PBXGroup;
			children = (
				05366F912ADFE7A20063FCF7 /* Preview Assets.xcassets */,
			);
			path = "Preview Content";
			sourceTree = "<group>";
		};
		05366F982ADFE8540063FCF7 /* View */ = {
			isa = PBXGroup;
			children = (
				05366F8C2ADFE7A00063FCF7 /* NoSmokeTabView.swift */,
				05366F9B2ADFE87B0063FCF7 /* HomeView.swift */,
				05366F9D2ADFE9330063FCF7 /* ContentView.swift */,
				05366F9F2ADFE9830063FCF7 /* ActivityCard.swift */,
			);
			path = View;
			sourceTree = "<group>";
		};
		05366F992ADFE85A0063FCF7 /* Model */ = {
			isa = PBXGroup;
			children = (
				0554A4502AE1DF5F005A60B9 /* Activity.swift */,
			);
			path = Model;
			sourceTree = "<group>";
		};
		05366F9A2ADFE8610063FCF7 /* View Model */ = {
			isa = PBXGroup;
			children = (
				05366FA12ADFEDA10063FCF7 /* HealthManager.swift */,
			);
			path = "View Model";
			sourceTree = "<group>";
		};
/* End PBXGroup section */

/* Begin PBXNativeTarget section */
		05366F862ADFE7A00063FCF7 /* No Smoke */ = {
			isa = PBXNativeTarget;
			buildConfigurationList = 05366F952ADFE7A20063FCF7 /* Build configuration list for PBXNativeTarget "No Smoke" */;
			buildPhases = (
				05366F832ADFE7A00063FCF7 /* Sources */,
				05366F842ADFE7A00063FCF7 /* Frameworks */,
				05366F852ADFE7A00063FCF7 /* Resources */,
			);
			buildRules = (
			);
			dependencies = (
			);
			name = "No Smoke";
			productName = "No Smoke";
			productReference = 05366F872ADFE7A00063FCF7 /* No Smoke.app */;
			productType = "com.apple.product-type.application";
		};
/* End PBXNativeTarget section */

/* Begin PBXProject section */
		05366F7F2ADFE7A00063FCF7 /* Project object */ = {
			isa = PBXProject;
			attributes = {
				BuildIndependentTargetsInParallel = 1;
				LastSwiftUpdateCheck = 1500;
				LastUpgradeCheck = 1500;
				TargetAttributes = {
					05366F862ADFE7A00063FCF7 = {
						CreatedOnToolsVersion = 15.0;
					};
				};
			};
			buildConfigurationList = 05366F822ADFE7A00063FCF7 /* Build configuration list for PBXProject "No Smoke" */;
			compatibilityVersion = "Xcode 14.0";
			developmentRegion = en;
			hasScannedForEncodings = 0;
			knownRegions = (
				en,
				Base,
			);
			mainGroup = 05366F7E2ADFE7A00063FCF7;
			productRefGroup = 05366F882ADFE7A00063FCF7 /* Products */;
			projectDirPath = "";
			projectRoot = "";
			targets = (
				05366F862ADFE7A00063FCF7 /* No Smoke */,
			);
		};
/* End PBXProject section */

/* Begin PBXResourcesBuildPhase section */
		05366F852ADFE7A00063FCF7 /* Resources */ = {
			isa = PBXResourcesBuildPhase;
			buildActionMask = 2147483647;
			files = (
				05366F922ADFE7A20063FCF7 /* Preview Assets.xcassets in Resources */,
				05366F8F2ADFE7A20063FCF7 /* Assets.xcassets in Resources */,
			);
			runOnlyForDeploymentPostprocessing = 0;
		};
/* End PBXResourcesBuildPhase section */

/* Begin PBXSourcesBuildPhase section */
		05366F832ADFE7A00063FCF7 /* Sources */ = {
			isa = PBXSourcesBuildPhase;
			buildActionMask = 2147483647;
			files = (
				05366F9C2ADFE87B0063FCF7 /* HomeView.swift in Sources */,
				05366FA52AE007B30063FCF7 /* Helpers.swift in Sources */,
				05366FA22ADFEDA10063FCF7 /* HealthManager.swift in Sources */,
				05366F8D2ADFE7A00063FCF7 /* NoSmokeTabView.swift in Sources */,
				05366F9E2ADFE9330063FCF7 /* ContentView.swift in Sources */,
				05366F8B2ADFE7A00063FCF7 /* No_SmokeApp.swift in Sources */,
				0554A4512AE1DF5F005A60B9 /* Activity.swift in Sources */,
				05366FA02ADFE9830063FCF7 /* ActivityCard.swift in Sources */,
			);
			runOnlyForDeploymentPostprocessing = 0;
		};
/* End PBXSourcesBuildPhase section */

/* Begin XCBuildConfiguration section */
		05366F932ADFE7A20063FCF7 /* Debug */ = {
			isa = XCBuildConfiguration;
			buildSettings = {
				ALWAYS_SEARCH_USER_PATHS = NO;
				ASSETCATALOG_COMPILER_GENERATE_SWIFT_ASSET_SYMBOL_EXTENSIONS = YES;
				CLANG_ANALYZER_NONNULL = YES;
				CLANG_ANALYZER_NUMBER_OBJECT_CONVERSION = YES_AGGRESSIVE;
				CLANG_CXX_LANGUAGE_STANDARD = "gnu++20";
				CLANG_ENABLE_MODULES = YES;
				CLANG_ENABLE_OBJC_ARC = YES;
				CLANG_ENABLE_OBJC_WEAK = YES;
				CLANG_WARN_BLOCK_CAPTURE_AUTORELEASING = YES;
				CLANG_WARN_BOOL_CONVERSION = YES;
				CLANG_WARN_COMMA = YES;
				CLANG_WARN_CONSTANT_CONVERSION = YES;
				CLANG_WARN_DEPRECATED_OBJC_IMPLEMENTATIONS = YES;
				CLANG_WARN_DIRECT_OBJC_ISA_USAGE = YES_ERROR;
				CLANG_WARN_DOCUMENTATION_COMMENTS = YES;
				CLANG_WARN_EMPTY_BODY = YES;
				CLANG_WARN_ENUM_CONVERSION = YES;
				CLANG_WARN_INFINITE_RECURSION = YES;
				CLANG_WARN_INT_CONVERSION = YES;
				CLANG_WARN_NON_LITERAL_NULL_CONVERSION = YES;
				CLANG_WARN_OBJC_IMPLICIT_RETAIN_SELF = YES;
				CLANG_WARN_OBJC_LITERAL_CONVERSION = YES;
				CLANG_WARN_OBJC_ROOT_CLASS = YES_ERROR;
				CLANG_WARN_QUOTED_INCLUDE_IN_FRAMEWORK_HEADER = YES;
				CLANG_WARN_RANGE_LOOP_ANALYSIS = YES;
				CLANG_WARN_STRICT_PROTOTYPES = YES;
				CLANG_WARN_SUSPICIOUS_MOVE = YES;
				CLANG_WARN_UNGUARDED_AVAILABILITY = YES_AGGRESSIVE;
				CLANG_WARN_UNREACHABLE_CODE = YES;
				CLANG_WARN__DUPLICATE_METHOD_MATCH = YES;
				COPY_PHASE_STRIP = NO;
				DEBUG_INFORMATION_FORMAT = dwarf;
				ENABLE_STRICT_OBJC_MSGSEND = YES;
				ENABLE_TESTABILITY = YES;
				ENABLE_USER_SCRIPT_SANDBOXING = YES;
				GCC_C_LANGUAGE_STANDARD = gnu17;
				GCC_DYNAMIC_NO_PIC = NO;
				GCC_NO_COMMON_BLOCKS = YES;
				GCC_OPTIMIZATION_LEVEL = 0;
				GCC_PREPROCESSOR_DEFINITIONS = (
					"DEBUG=1",
					"$(inherited)",
				);
				GCC_WARN_64_TO_32_BIT_CONVERSION = YES;
				GCC_WARN_ABOUT_RETURN_TYPE = YES_ERROR;
				GCC_WARN_UNDECLARED_SELECTOR = YES;
				GCC_WARN_UNINITIALIZED_AUTOS = YES_AGGRESSIVE;
				GCC_WARN_UNUSED_FUNCTION = YES;
				GCC_WARN_UNUSED_VARIABLE = YES;
				IPHONEOS_DEPLOYMENT_TARGET = 17.0;
				LOCALIZATION_PREFERS_STRING_CATALOGS = YES;
				MTL_ENABLE_DEBUG_INFO = INCLUDE_SOURCE;
				MTL_FAST_MATH = YES;
				ONLY_ACTIVE_ARCH = YES;
				SDKROOT = iphoneos;
				SWIFT_ACTIVE_COMPILATION_CONDITIONS = "DEBUG $(inherited)";
				SWIFT_OPTIMIZATION_LEVEL = "-Onone";
			};
			name = Debug;
		};
		05366F942ADFE7A20063FCF7 /* Release */ = {
			isa = XCBuildConfiguration;
			buildSettings = {
				ALWAYS_SEARCH_USER_PATHS = NO;
				ASSETCATALOG_COMPILER_GENERATE_SWIFT_ASSET_SYMBOL_EXTENSIONS = YES;
				CLANG_ANALYZER_NONNULL = YES;
				CLANG_ANALYZER_NUMBER_OBJECT_CONVERSION = YES_AGGRESSIVE;
				CLANG_CXX_LANGUAGE_STANDARD = "gnu++20";
				CLANG_ENABLE_MODULES = YES;
				CLANG_ENABLE_OBJC_ARC = YES;
				CLANG_ENABLE_OBJC_WEAK = YES;
				CLANG_WARN_BLOCK_CAPTURE_AUTORELEASING = YES;
				CLANG_WARN_BOOL_CONVERSION = YES;
				CLANG_WARN_COMMA = YES;
				CLANG_WARN_CONSTANT_CONVERSION = YES;
				CLANG_WARN_DEPRECATED_OBJC_IMPLEMENTATIONS = YES;
				CLANG_WARN_DIRECT_OBJC_ISA_USAGE = YES_ERROR;
				CLANG_WARN_DOCUMENTATION_COMMENTS = YES;
				CLANG_WARN_EMPTY_BODY = YES;
				CLANG_WARN_ENUM_CONVERSION = YES;
				CLANG_WARN_INFINITE_RECURSION = YES;
				CLANG_WARN_INT_CONVERSION = YES;
				CLANG_WARN_NON_LITERAL_NULL_CONVERSION = YES;
				CLANG_WARN_OBJC_IMPLICIT_RETAIN_SELF = YES;
				CLANG_WARN_OBJC_LITERAL_CONVERSION = YES;
				CLANG_WARN_OBJC_ROOT_CLASS = YES_ERROR;
				CLANG_WARN_QUOTED_INCLUDE_IN_FRAMEWORK_HEADER = YES;
				CLANG_WARN_RANGE_LOOP_ANALYSIS = YES;
				CLANG_WARN_STRICT_PROTOTYPES = YES;
				CLANG_WARN_SUSPICIOUS_MOVE = YES;
				CLANG_WARN_UNGUARDED_AVAILABILITY = YES_AGGRESSIVE;
				CLANG_WARN_UNREACHABLE_CODE = YES;
				CLANG_WARN__DUPLICATE_METHOD_MATCH = YES;
				COPY_PHASE_STRIP = NO;
				DEBUG_INFORMATION_FORMAT = "dwarf-with-dsym";
				ENABLE_NS_ASSERTIONS = NO;
				ENABLE_STRICT_OBJC_MSGSEND = YES;
				ENABLE_USER_SCRIPT_SANDBOXING = YES;
				GCC_C_LANGUAGE_STANDARD = gnu17;
				GCC_NO_COMMON_BLOCKS = YES;
				GCC_WARN_64_TO_32_BIT_CONVERSION = YES;
				GCC_WARN_ABOUT_RETURN_TYPE = YES_ERROR;
				GCC_WARN_UNDECLARED_SELECTOR = YES;
				GCC_WARN_UNINITIALIZED_AUTOS = YES_AGGRESSIVE;
				GCC_WARN_UNUSED_FUNCTION = YES;
				GCC_WARN_UNUSED_VARIABLE = YES;
				IPHONEOS_DEPLOYMENT_TARGET = 17.0;
				LOCALIZATION_PREFERS_STRING_CATALOGS = YES;
				MTL_ENABLE_DEBUG_INFO = NO;
				MTL_FAST_MATH = YES;
				SDKROOT = iphoneos;
				SWIFT_COMPILATION_MODE = wholemodule;
				VALIDATE_PRODUCT = YES;
			};
			name = Release;
		};
		05366F962ADFE7A20063FCF7 /* Debug */ = {
			isa = XCBuildConfiguration;
			buildSettings = {
				ASSETCATALOG_COMPILER_APPICON_NAME = AppIcon;
				ASSETCATALOG_COMPILER_GLOBAL_ACCENT_COLOR_NAME = AccentColor;
				CODE_SIGN_ENTITLEMENTS = "No Smoke/No Smoke.entitlements";
				CODE_SIGN_STYLE = Automatic;
				CURRENT_PROJECT_VERSION = 1;
				DEVELOPMENT_ASSET_PATHS = "\"No Smoke/Preview Content\"";
				DEVELOPMENT_TEAM = L5LAF377ZJ;
				ENABLE_PREVIEWS = YES;
				GENERATE_INFOPLIST_FILE = YES;
				INFOPLIST_KEY_NSHealthShareUsageDescription = "Please allow permission to get health related data";
				INFOPLIST_KEY_UIApplicationSceneManifest_Generation = YES;
				INFOPLIST_KEY_UIApplicationSupportsIndirectInputEvents = YES;
				INFOPLIST_KEY_UILaunchScreen_Generation = YES;
				INFOPLIST_KEY_UISupportedInterfaceOrientations_iPad = "UIInterfaceOrientationPortrait UIInterfaceOrientationPortraitUpsideDown UIInterfaceOrientationLandscapeLeft UIInterfaceOrientationLandscapeRight";
				INFOPLIST_KEY_UISupportedInterfaceOrientations_iPhone = "UIInterfaceOrientationPortrait UIInterfaceOrientationLandscapeLeft UIInterfaceOrientationLandscapeRight";
				LD_RUNPATH_SEARCH_PATHS = (
					"$(inherited)",
					"@executable_path/Frameworks",
				);
				MARKETING_VERSION = 1.0;
				PRODUCT_BUNDLE_IDENTIFIER = "com.yasha.No-Smoke";
				PRODUCT_NAME = "$(TARGET_NAME)";
				SWIFT_EMIT_LOC_STRINGS = YES;
				SWIFT_VERSION = 5.0;
				TARGETED_DEVICE_FAMILY = "1,2";
			};
			name = Debug;
		};
		05366F972ADFE7A20063FCF7 /* Release */ = {
			isa = XCBuildConfiguration;
			buildSettings = {
				ASSETCATALOG_COMPILER_APPICON_NAME = AppIcon;
				ASSETCATALOG_COMPILER_GLOBAL_ACCENT_COLOR_NAME = AccentColor;
				CODE_SIGN_ENTITLEMENTS = "No Smoke/No Smoke.entitlements";
				CODE_SIGN_STYLE = Automatic;
				CURRENT_PROJECT_VERSION = 1;
				DEVELOPMENT_ASSET_PATHS = "\"No Smoke/Preview Content\"";
				DEVELOPMENT_TEAM = L5LAF377ZJ;
				ENABLE_PREVIEWS = YES;
				GENERATE_INFOPLIST_FILE = YES;
				INFOPLIST_KEY_NSHealthShareUsageDescription = "Please allow permission to get health related data";
				INFOPLIST_KEY_UIApplicationSceneManifest_Generation = YES;
				INFOPLIST_KEY_UIApplicationSupportsIndirectInputEvents = YES;
				INFOPLIST_KEY_UILaunchScreen_Generation = YES;
				INFOPLIST_KEY_UISupportedInterfaceOrientations_iPad = "UIInterfaceOrientationPortrait UIInterfaceOrientationPortraitUpsideDown UIInterfaceOrientationLandscapeLeft UIInterfaceOrientationLandscapeRight";
				INFOPLIST_KEY_UISupportedInterfaceOrientations_iPhone = "UIInterfaceOrientationPortrait UIInterfaceOrientationLandscapeLeft UIInterfaceOrientationLandscapeRight";
				LD_RUNPATH_SEARCH_PATHS = (
					"$(inherited)",
					"@executable_path/Frameworks",
				);
				MARKETING_VERSION = 1.0;
				PRODUCT_BUNDLE_IDENTIFIER = "com.yasha.No-Smoke";
				PRODUCT_NAME = "$(TARGET_NAME)";
				SWIFT_EMIT_LOC_STRINGS = YES;
				SWIFT_VERSION = 5.0;
				TARGETED_DEVICE_FAMILY = "1,2";
			};
			name = Release;
		};
/* End XCBuildConfiguration section */

/* Begin XCConfigurationList section */
		05366F822ADFE7A00063FCF7 /* Build configuration list for PBXProject "No Smoke" */ = {
			isa = XCConfigurationList;
			buildConfigurations = (
				05366F932ADFE7A20063FCF7 /* Debug */,
				05366F942ADFE7A20063FCF7 /* Release */,
			);
			defaultConfigurationIsVisible = 0;
			defaultConfigurationName = Release;
		};
		05366F952ADFE7A20063FCF7 /* Build configuration list for PBXNativeTarget "No Smoke" */ = {
			isa = XCConfigurationList;
			buildConfigurations = (
				05366F962ADFE7A20063FCF7 /* Debug */,
				05366F972ADFE7A20063FCF7 /* Release */,
			);
			defaultConfigurationIsVisible = 0;
			defaultConfigurationName = Release;
		};
/* End XCConfigurationList section */
	};
	rootObject = 05366F7F2ADFE7A00063FCF7 /* Project object */;
}
